Microsoft Visual Studio Solution File, Format Version 12.00
# Visual Studio Version 17
VisualStudioVersion = 17.5.2.0
MinimumVisualStudioVersion = 10.0.40219.1
Project("{FAE04EC0-301F-11D3-BF4B-00C04F79EFBC}") = "ElectionResultsApi", "ElectionResultsApi.csproj", "{B7B93125-E678-34AA-401E-88D44C9308C3}"
EndProject
Global
	GlobalSection(SolutionConfigurationPlatforms) = preSolution
		Debug|Any CPU = Debug|Any CPU
		Release|Any CPU = Release|Any CPU
	EndGlobalSection
	GlobalSection(ProjectConfigurationPlatforms) = postSolution
		{B7B93125-E678-34AA-401E-88D44C9308C3}.Debug|Any CPU.ActiveCfg = Debug|Any CPU
		{B7B93125-E678-34AA-401E-88D44C9308C3}.Debug|Any CPU.Build.0 = Debug|Any CPU
		{B7B93125-E678-34AA-401E-88D44C9308C3}.Release|Any CPU.ActiveCfg = Release|Any CPU
		{B7B93125-E678-34AA-401E-88D44C9308C3}.Release|Any CPU.Build.0 = Release|Any CPU
	EndGlobalSection
	GlobalSection(SolutionProperties) = preSolution
		HideSolutionNode = FALSE
	EndGlobalSection
	GlobalSection(ExtensibilityGlobals) = postSolution
		SolutionGuid = {75314289-1136-4807-AE67-9C5FFF5A1092}
	EndGlobalSection
EndGlobal
